
Microsoft Visual Studio Solution File, Format Version 12.00
# Visual Studio Version 17
VisualStudioVersion = 17.7.34031.279
MinimumVisualStudioVersion = 10.0.40219.1
Project("{FAE04EC0-301F-11D3-BF4B-00C04F79EFBC}") = "RabbitMqDeadLetterFunctionApp", "RabbitMqDeadLetterFunctionApp\RabbitMqDeadLetterFunctionApp.csproj", "{E41D3180-2690-49C4-BD43-06E61C130086}"
EndProject
Global
	GlobalSection(SolutionConfigurationPlatforms) = preSolution
		Debug|Any CPU = Debug|Any CPU
		Release|Any CPU = Release|Any CPU
	EndGlobalSection
	GlobalSection(ProjectConfigurationPlatforms) = postSolution
		{E41D3180-2690-49C4-BD43-06E61C130086}.Debug|Any CPU.ActiveCfg = Debug|Any CPU
		{E41D3180-2690-49C4-BD43-06E61C130086}.Debug|Any CPU.Build.0 = Debug|Any CPU
		{E41D3180-2690-49C4-BD43-06E61C130086}.Release|Any CPU.ActiveCfg = Release|Any CPU
		{E41D3180-2690-49C4-BD43-06E61C130086}.Release|Any CPU.Build.0 = Release|Any CPU
	EndGlobalSection
	GlobalSection(SolutionProperties) = preSolution
		HideSolutionNode = FALSE
	EndGlobalSection
	GlobalSection(ExtensibilityGlobals) = postSolution
		SolutionGuid = {A7714F34-FF2F-4E47-B34B-25794ECB0AF6}
	EndGlobalSection
EndGlobal
